
Microsoft Visual Studio Solution File, Format Version 12.00
# Visual Studio Version 16
VisualStudioVersion = 16.0.30611.23
MinimumVisualStudioVersion = 10.0.40219.1
Project("{FAE04EC0-301F-11D3-BF4B-00C04F79EFBC}") = "Model", "Model\Model.csproj", "{FD054FB2-BF77-471A-887D-46E30090275D}"
EndProject
Project("{FAE04EC0-301F-11D3-BF4B-00C04F79EFBC}") = "Test", "Test\Test.csproj", "{0A8D21F1-4466-4ED9-AF30-ADD04A720A26}"
EndProject
Project("{FAE04EC0-301F-11D3-BF4B-00C04F79EFBC}") = "Web", "Web\Web.csproj", "{6BB534DF-1DFB-4CEE-A661-5A38A6C0FD99}"
EndProject
Global
	GlobalSection(SolutionConfigurationPlatforms) = preSolution
		Debug|Any CPU = Debug|Any CPU
		Release|Any CPU = Release|Any CPU
	EndGlobalSection
	GlobalSection(ProjectConfigurationPlatforms) = postSolution
		{FD054FB2-BF77-471A-887D-46E30090275D}.Debug|Any CPU.ActiveCfg = Debug|Any CPU
		{FD054FB2-BF77-471A-887D-46E30090275D}.Debug|Any CPU.Build.0 = Debug|Any CPU
		{FD054FB2-BF77-471A-887D-46E30090275D}.Release|Any CPU.ActiveCfg = Release|Any CPU
		{FD054FB2-BF77-471A-887D-46E30090275D}.Release|Any CPU.Build.0 = Release|Any CPU
		{0A8D21F1-4466-4ED9-AF30-ADD04A720A26}.Debug|Any CPU.ActiveCfg = Debug|Any CPU
		{0A8D21F1-4466-4ED9-AF30-ADD04A720A26}.Debug|Any CPU.Build.0 = Debug|Any CPU
		{0A8D21F1-4466-4ED9-AF30-ADD04A720A26}.Release|Any CPU.ActiveCfg = Release|Any CPU
		{0A8D21F1-4466-4ED9-AF30-ADD04A720A26}.Release|Any CPU.Build.0 = Release|Any CPU
		{6BB534DF-1DFB-4CEE-A661-5A38A6C0FD99}.Debug|Any CPU.ActiveCfg = Debug|Any CPU
		{6BB534DF-1DFB-4CEE-A661-5A38A6C0FD99}.Debug|Any CPU.Build.0 = Debug|Any CPU
		{6BB534DF-1DFB-4CEE-A661-5A38A6C0FD99}.Release|Any CPU.ActiveCfg = Release|Any CPU
		{6BB534DF-1DFB-4CEE-A661-5A38A6C0FD99}.Release|Any CPU.Build.0 = Release|Any CPU
	EndGlobalSection
	GlobalSection(SolutionProperties) = preSolution
		HideSolutionNode = FALSE
	EndGlobalSection
	GlobalSection(ExtensibilityGlobals) = postSolution
		EnterpriseLibraryConfigurationToolBinariesPathV6 = packages\EnterpriseLibrary.Common.6.0.1304.0\lib\NET45;packages\EnterpriseLibrary.Logging.6.0.1304.0\lib\NET45
		SolutionGuid = {4BE4FCC1-1C4C-45CC-9659-48710D7B9352}
	EndGlobalSection
EndGlobal
